Microsoft Visual Studio Solution File, Format Version 12.00
# Visual Studio Version 17
VisualStudioVersion = 17.5.2.0
MinimumVisualStudioVersion = 10.0.40219.1
Project("{FAE04EC0-301F-11D3-BF4B-00C04F79EFBC}") = "learn-dotnet-grpc-cpp", "learn-dotnet-grpc-cpp.csproj", "{BBE6D572-3F16-933F-0E82-59CC9747342A}"
EndProject
Global
	GlobalSection(SolutionConfigurationPlatforms) = preSolution
		Debug|Any CPU = Debug|Any CPU
		Release|Any CPU = Release|Any CPU
	EndGlobalSection
	GlobalSection(ProjectConfigurationPlatforms) = postSolution
		{BBE6D572-3F16-933F-0E82-59CC9747342A}.Debug|Any CPU.ActiveCfg = Debug|Any CPU
		{BBE6D572-3F16-933F-0E82-59CC9747342A}.Debug|Any CPU.Build.0 = Debug|Any CPU
		{BBE6D572-3F16-933F-0E82-59CC9747342A}.Release|Any CPU.ActiveCfg = Release|Any CPU
		{BBE6D572-3F16-933F-0E82-59CC9747342A}.Release|Any CPU.Build.0 = Release|Any CPU
	EndGlobalSection
	GlobalSection(SolutionProperties) = preSolution
		HideSolutionNode = FALSE
	EndGlobalSection
	GlobalSection(ExtensibilityGlobals) = postSolution
		SolutionGuid = {6E356822-4D0D-4F64-9591-4B415547AAD7}
	EndGlobalSection
EndGlobal
